
Microsoft Visual Studio Solution File, Format Version 12.00
# Visual Studio Version 17
VisualStudioVersion = 17.14.37710.0 d17.14
MinimumVisualStudioVersion = 10.0.40219.1
Project("{FAE04EC0-301F-11D3-BF4B-00C04F79EFBC}") = "PracticalWork1", "PracticalWork1\PracticalWork1.csproj", "{A36C014D-64B4-4D58-B2A0-4D3CCEB6D420}"
EndProject
Global
	GlobalSection(SolutionConfigurationPlatforms) = preSolution
		Debug|Any CPU = Debug|Any CPU
		Release|Any CPU = Release|Any CPU
	EndGlobalSection
	GlobalSection(ProjectConfigurationPlatforms) = postSolution
		{A36C014D-64B4-4D58-B2A0-4D3CCEB6D420}.Debug|Any CPU.ActiveCfg = Debug|Any CPU
		{A36C014D-64B4-4D58-B2A0-4D3CCEB6D420}.Debug|Any CPU.Build.0 = Debug|Any CPU
		{A36C014D-64B4-4D58-B2A0-4D3CCEB6D420}.Release|Any CPU.ActiveCfg = Release|Any CPU
		{A36C014D-64B4-4D58-B2A0-4D3CCEB6D420}.Release|Any CPU.Build.0 = Release|Any CPU
	EndGlobalSection
	GlobalSection(SolutionProperties) = preSolution
		HideSolutionNode = FALSE
	EndGlobalSection
	GlobalSection(ExtensibilityGlobals) = postSolution
		SolutionGuid = {20D389CD-B8E8-4302-AC2E-DC5FBB8FEB56}
	EndGlobalSection
EndGlobal
